// !$*UTF8*$!
{
	archiveVersion = 1;
	classes = {
	};
	objectVersion = 46;
	objects = {

/* Begin PBXBuildFile section */
		CB5900491DC5EEEB00C90B68 /* main.m in Sources */ = {isa = PBXBuildFile; fileRef = CB5900481DC5EEEB00C90B68 /* main.m */; };
		CB59004C1DC5EEEC00C90B68 /* AppDelegate.m in Sources */ = {isa = PBXBuildFile; fileRef = CB59004B1DC5EEEC00C90B68 /* AppDelegate.m */; };
		CB59004F1DC5EEEC00C90B68 /* ViewController.m in Sources */ = {isa = PBXBuildFile; fileRef = CB59004E1DC5EEEC00C90B68 /* ViewController.m */; };
		CB5900521DC5EEEC00C90B68 /* Main.storyboard in Resources */ = {isa = PBXBuildFile; fileRef = CB5900501DC5EEEC00C90B68 /* Main.storyboard */; };
		CB5900541DC5EEEC00C90B68 /* Assets.xcassets in Resources */ = {isa = PBXBuildFile; fileRef = CB5900531DC5EEEC00C90B68 /* Assets.xcassets */; };
		CB5900571DC5EEEC00C90B68 /* LaunchScreen.storyboard in Resources */ = {isa = PBXBuildFile; fileRef = CB5900551DC5EEEC00C90B68 /* LaunchScreen.storyboard */; };
		CB5900621DC5EEEC00C90B68 /* TTWatchPuppyTests.m in Sources */ = {isa = PBXBuildFile; fileRef = CB5900611DC5EEEC00C90B68 /* TTWatchPuppyTests.m */; };
		CB95B7841FD914A4007D8C25 /* TTWatchPuppy.m in Sources */ = {isa = PBXBuildFile; fileRef = CB95B75C1FD914A3007D8C25 /* TTWatchPuppy.m */; };
		CB95B7851FD914A4007D8C25 /* TTWatchDog.m in Sources */ = {isa = PBXBuildFile; fileRef = CB95B75F1FD914A3007D8C25 /* TTWatchDog.m */; };
		CB95B7861FD914A4007D8C25 /* TTBarkingView.m in Sources */ = {isa = PBXBuildFile; fileRef = CB95B7641FD914A3007D8C25 /* TTBarkingView.m */; };
		CB95B7871FD914A4007D8C25 /* TTBarkingListViewController.m in Sources */ = {isa = PBXBuildFile; fileRef = CB95B7661FD914A3007D8C25 /* TTBarkingListViewController.m */; };
		CB95B7881FD914A4007D8C25 /* TTBarkingDetailViewController.m in Sources */ = {isa = PBXBuildFile; fileRef = CB95B7681FD914A3007D8C25 /* TTBarkingDetailViewController.m */; };
		CB95B7891FD914A4007D8C25 /* TTBarkingInfo.m in Sources */ = {isa = PBXBuildFile; fileRef = CB95B7691FD914A3007D8C25 /* TTBarkingInfo.m */; };
		CB95B78A1FD914A4007D8C25 /* TTBarkingDot.m in Sources */ = {isa = PBXBuildFile; fileRef = CB95B76A1FD914A3007D8C25 /* TTBarkingDot.m */; };
		CB95B78B1FD914A4007D8C25 /* TTBarkingUI.m in Sources */ = {isa = PBXBuildFile; fileRef = CB95B76B1FD914A3007D8C25 /* TTBarkingUI.m */; };
		CB95B78C1FD914A4007D8C25 /* TTBarkingCenter.m in Sources */ = {isa = PBXBuildFile; fileRef = CB95B76E1FD914A3007D8C25 /* TTBarkingCenter.m */; };
		CB95B78D1FD914A4007D8C25 /* TTTableViewCellPuppy.m in Sources */ = {isa = PBXBuildFile; fileRef = CB95B7731FD914A3007D8C25 /* TTTableViewCellPuppy.m */; };
		CB95B78E1FD914A4007D8C25 /* TTUIExceptionPuppy.m in Sources */ = {isa = PBXBuildFile; fileRef = CB95B7751FD914A3007D8C25 /* TTUIExceptionPuppy.m */; };
		CB95B78F1FD914A4007D8C25 /* TTNotificationPuppy.m in Sources */ = {isa = PBXBuildFile; fileRef = CB95B7761FD914A3007D8C25 /* TTNotificationPuppy.m */; };
		CB95B7901FD914A4007D8C25 /* TTUIThreadPuppy.m in Sources */ = {isa = PBXBuildFile; fileRef = CB95B7781FD914A3007D8C25 /* TTUIThreadPuppy.m */; };
		CB95B7911FD914A4007D8C25 /* NSNotificationCenter+TTWatch.m in Sources */ = {isa = PBXBuildFile; fileRef = CB95B77C1FD914A3007D8C25 /* NSNotificationCenter+TTWatch.m */; };
		CB95B7921FD914A4007D8C25 /* NSObject+TTAutoLayout.m in Sources */ = {isa = PBXBuildFile; fileRef = CB95B77D1FD914A3007D8C25 /* NSObject+TTAutoLayout.m */; };
		CB95B7931FD914A4007D8C25 /* UIView+TTWatch.m in Sources */ = {isa = PBXBuildFile; fileRef = CB95B77E1FD914A3007D8C25 /* UIView+TTWatch.m */; };
		CB95B7941FD914A4007D8C25 /* NSObject+TTHook.m in Sources */ = {isa = PBXBuildFile; fileRef = CB95B77F1FD914A3007D8C25 /* NSObject+TTHook.m */; };
		CB95B7951FD914A4007D8C25 /* UIViewController+TTHook.m in Sources */ = {isa = PBXBuildFile; fileRef = CB95B7801FD914A3007D8C25 /* UIViewController+TTHook.m */; };
/* End PBXBuildFile section */

/* Begin PBXContainerItemProxy section */
		CB59005E1DC5EEEC00C90B68 /* PBXContainerItemProxy */ = {
			isa = PBXContainerItemProxy;
			containerPortal = CB59003C1DC5EEEB00C90B68 /* Project object */;
			proxyType = 1;
			remoteGlobalIDString = CB5900431DC5EEEB00C90B68;
			remoteInfo = TTWatchPuppy;
		};
/* End PBXContainerItemProxy section */

/* Begin PBXFileReference section */
		CB5900441DC5EEEB00C90B68 /* TTWatchPuppy.app */ = {isa = PBXFileReference; explicitFileType = wrapper.application; includeInIndex = 0; path = TTWatchPuppy.app; sourceTree = BUILT_PRODUCTS_DIR; };
		CB5900481DC5EEEB00C90B68 /* main.m */ = {isa = PBXFileReference; lastKnownFileType = sourcecode.c.objc; path = main.m; sourceTree = "<group>"; };
		CB59004A1DC5EEEB00C90B68 /* AppDelegate.h */ = {isa = PBXFileReference; lastKnownFileType = sourcecode.c.h; path = AppDelegate.h; sourceTree = "<group>"; };
		CB59004B1DC5EEEC00C90B68 /* AppDelegate.m */ = {isa = PBXFileReference; lastKnownFileType = sourcecode.c.objc; path = AppDelegate.m; sourceTree = "<group>"; };
		CB59004D1DC5EEEC00C90B68 /* ViewController.h */ = {isa = PBXFileReference; lastKnownFileType = sourcecode.c.h; path = ViewController.h; sourceTree = "<group>"; };
		CB59004E1DC5EEEC00C90B68 /* ViewController.m */ = {isa = PBXFileReference; lastKnownFileType = sourcecode.c.objc; path = ViewController.m; sourceTree = "<group>"; };
		CB5900511DC5EEEC00C90B68 /* Base */ = {isa = PBXFileReference; lastKnownFileType = file.storyboard; name = Base; path = Base.lproj/Main.storyboard; sourceTree = "<group>"; };
		CB5900531DC5EEEC00C90B68 /* Assets.xcassets */ = {isa = PBXFileReference; lastKnownFileType = folder.assetcatalog; path = Assets.xcassets; sourceTree = "<group>"; };
		CB5900561DC5EEEC00C90B68 /* Base */ = {isa = PBXFileReference; lastKnownFileType = file.storyboard; name = Base; path = Base.lproj/LaunchScreen.storyboard; sourceTree = "<group>"; };
		CB5900581DC5EEEC00C90B68 /* Info.plist */ = {isa = PBXFileReference; lastKnownFileType = text.plist.xml; path = Info.plist; sourceTree = "<group>"; };
		CB59005D1DC5EEEC00C90B68 /* TTWatchPuppyTests.xctest */ = {isa = PBXFileReference; explicitFileType = wrapper.cfbundle; includeInIndex = 0; path = TTWatchPuppyTests.xctest; sourceTree = BUILT_PRODUCTS_DIR; };
		CB5900611DC5EEEC00C90B68 /* TTWatchPuppyTests.m */ = {isa = PBXFileReference; lastKnownFileType = sourcecode.c.objc; path = TTWatchPuppyTests.m; sourceTree = "<group>"; };
		CB5900631DC5EEEC00C90B68 /* Info.plist */ = {isa = PBXFileReference; lastKnownFileType = text.plist.xml; path = Info.plist; sourceTree = "<group>"; };
		CB95B75C1FD914A3007D8C25 /* TTWatchPuppy.m */ = {isa = PBXFileReference; fileEncoding = 4; lastKnownFileType = sourcecode.c.objc; path = TTWatchPuppy.m; sourceTree = "<group>"; };
		CB95B75D1FD914A3007D8C25 /* TTWatchDog.h */ = {isa = PBXFileReference; fileEncoding = 4; lastKnownFileType = sourcecode.c.h; path = TTWatchDog.h; sourceTree = "<group>"; };
		CB95B75E1FD914A3007D8C25 /* TTWatchPuppy.h */ = {isa = PBXFileReference; fileEncoding = 4; lastKnownFileType = sourcecode.c.h; path = TTWatchPuppy.h; sourceTree = "<group>"; };
		CB95B75F1FD914A3007D8C25 /* TTWatchDog.m */ = {isa = PBXFileReference; fileEncoding = 4; lastKnownFileType = sourcecode.c.objc; path = TTWatchDog.m; sourceTree = "<group>"; };
		CB95B7611FD914A3007D8C25 /* TTBarkingUI.h */ = {isa = PBXFileReference; fileEncoding = 4; lastKnownFileType = sourcecode.c.h; path = TTBarkingUI.h; sourceTree = "<group>"; };
		CB95B7621FD914A3007D8C25 /* TTBarkingDot.h */ = {isa = PBXFileReference; fileEncoding = 4; lastKnownFileType = sourcecode.c.h; path = TTBarkingDot.h; sourceTree = "<group>"; };
		CB95B7631FD914A3007D8C25 /* TTBarkingInfo.h */ = {isa = PBXFileReference; fileEncoding = 4; lastKnownFileType = sourcecode.c.h; path = TTBarkingInfo.h; sourceTree = "<group>"; };
		CB95B7641FD914A3007D8C25 /* TTBarkingView.m */ = {isa = PBXFileReference; fileEncoding = 4; lastKnownFileType = sourcecode.c.objc; path = TTBarkingView.m; sourceTree = "<group>"; };
		CB95B7651FD914A3007D8C25 /* TTBarkingHeader.h */ = {isa = PBXFileReference; fileEncoding = 4; lastKnownFileType = sourcecode.c.h; path = TTBarkingHeader.h; sourceTree = "<group>"; };
		CB95B7661FD914A3007D8C25 /* TTBarkingListViewController.m */ = {isa = PBXFileReference; fileEncoding = 4; lastKnownFileType = sourcecode.c.objc; path = TTBarkingListViewController.m; sourceTree = "<group>"; };
		CB95B7671FD914A3007D8C25 /* TTBarkingCenter.h */ = {isa = PBXFileReference; fileEncoding = 4; lastKnownFileType = sourcecode.c.h; path = TTBarkingCenter.h; sourceTree = "<group>"; };
		CB95B7681FD914A3007D8C25 /* TTBarkingDetailViewController.m */ = {isa = PBXFileReference; fileEncoding = 4; lastKnownFileType = sourcecode.c.objc; path = TTBarkingDetailViewController.m; sourceTree = "<group>"; };
		CB95B7691FD914A3007D8C25 /* TTBarkingInfo.m */ = {isa = PBXFileReference; fileEncoding = 4; lastKnownFileType = sourcecode.c.objc; path = TTBarkingInfo.m; sourceTree = "<group>"; };
		CB95B76A1FD914A3007D8C25 /* TTBarkingDot.m */ = {isa = PBXFileReference; fileEncoding = 4; lastKnownFileType = sourcecode.c.objc; path = TTBarkingDot.m; sourceTree = "<group>"; };
		CB95B76B1FD914A3007D8C25 /* TTBarkingUI.m */ = {isa = PBXFileReference; fileEncoding = 4; lastKnownFileType = sourcecode.c.objc; path = TTBarkingUI.m; sourceTree = "<group>"; };
		CB95B76C1FD914A3007D8C25 /* TTBarkingView.h */ = {isa = PBXFileReference; fileEncoding = 4; lastKnownFileType = sourcecode.c.h; path = TTBarkingView.h; sourceTree = "<group>"; };
		CB95B76D1FD914A3007D8C25 /* TTBarkingDetailViewController.h */ = {isa = PBXFileReference; fileEncoding = 4; lastKnownFileType = sourcecode.c.h; path = TTBarkingDetailViewController.h; sourceTree = "<group>"; };
		CB95B76E1FD914A3007D8C25 /* TTBarkingCenter.m */ = {isa = PBXFileReference; fileEncoding = 4; lastKnownFileType = sourcecode.c.objc; path = TTBarkingCenter.m; sourceTree = "<group>"; };
		CB95B76F1FD914A3007D8C25 /* TTBarkingListViewController.h */ = {isa = PBXFileReference; fileEncoding = 4; lastKnownFileType = sourcecode.c.h; path = TTBarkingListViewController.h; sourceTree = "<group>"; };
		CB95B7711FD914A3007D8C25 /* TTNotificationPuppy.h */ = {isa = PBXFileReference; fileEncoding = 4; lastKnownFileType = sourcecode.c.h; path = TTNotificationPuppy.h; sourceTree = "<group>"; };
		CB95B7721FD914A3007D8C25 /* TTUIExceptionPuppy.h */ = {isa = PBXFileReference; fileEncoding = 4; lastKnownFileType = sourcecode.c.h; path = TTUIExceptionPuppy.h; sourceTree = "<group>"; };
		CB95B7731FD914A3007D8C25 /* TTTableViewCellPuppy.m */ = {isa = PBXFileReference; fileEncoding = 4; lastKnownFileType = sourcecode.c.objc; path = TTTableViewCellPuppy.m; sourceTree = "<group>"; };
		CB95B7741FD914A3007D8C25 /* TTUIThreadPuppy.h */ = {isa = PBXFileReference; fileEncoding = 4; lastKnownFileType = sourcecode.c.h; path = TTUIThreadPuppy.h; sourceTree = "<group>"; };
		CB95B7751FD914A3007D8C25 /* TTUIExceptionPuppy.m */ = {isa = PBXFileReference; fileEncoding = 4; lastKnownFileType = sourcecode.c.objc; path = TTUIExceptionPuppy.m; sourceTree = "<group>"; };
		CB95B7761FD914A3007D8C25 /* TTNotificationPuppy.m */ = {isa = PBXFileReference; fileEncoding = 4; lastKnownFileType = sourcecode.c.objc; path = TTNotificationPuppy.m; sourceTree = "<group>"; };
		CB95B7771FD914A3007D8C25 /* TTTableViewCellPuppy.h */ = {isa = PBXFileReference; fileEncoding = 4; lastKnownFileType = sourcecode.c.h; path = TTTableViewCellPuppy.h; sourceTree = "<group>"; };
		CB95B7781FD914A3007D8C25 /* TTUIThreadPuppy.m */ = {isa = PBXFileReference; fileEncoding = 4; lastKnownFileType = sourcecode.c.objc; path = TTUIThreadPuppy.m; sourceTree = "<group>"; };
		CB95B77A1FD914A3007D8C25 /* UIViewController+TTHook.h */ = {isa = PBXFileReference; fileEncoding = 4; lastKnownFileType = sourcecode.c.h; path = "UIViewController+TTHook.h"; sourceTree = "<group>"; };
		CB95B77B1FD914A3007D8C25 /* NSObject+TTHook.h */ = {isa = PBXFileReference; fileEncoding = 4; lastKnownFileType = sourcecode.c.h; path = "NSObject+TTHook.h"; sourceTree = "<group>"; };
		CB95B77C1FD914A3007D8C25 /* NSNotificationCenter+TTWatch.m */ = {isa = PBXFileReference; fileEncoding = 4; lastKnownFileType = sourcecode.c.objc; path = "NSNotificationCenter+TTWatch.m"; sourceTree = "<group>"; };
		CB95B77D1FD914A3007D8C25 /* NSObject+TTAutoLayout.m */ = {isa = PBXFileReference; fileEncoding = 4; lastKnownFileType = sourcecode.c.objc; path = "NSObject+TTAutoLayout.m"; sourceTree = "<group>"; };
		CB95B77E1FD914A3007D8C25 /* UIView+TTWatch.m */ = {isa = PBXFileReference; fileEncoding = 4; lastKnownFileType = sourcecode.c.objc; path = "UIView+TTWatch.m"; sourceTree = "<group>"; };
		CB95B77F1FD914A3007D8C25 /* NSObject+TTHook.m */ = {isa = PBXFileReference; fileEncoding = 4; lastKnownFileType = sourcecode.c.objc; path = "NSObject+TTHook.m"; sourceTree = "<group>"; };
		CB95B7801FD914A3007D8C25 /* UIViewController+TTHook.m */ = {isa = PBXFileReference; fileEncoding = 4; lastKnownFileType = sourcecode.c.objc; path = "UIViewController+TTHook.m"; sourceTree = "<group>"; };
		CB95B7811FD914A3007D8C25 /* UIView+TTWatch.h */ = {isa = PBXFileReference; fileEncoding = 4; lastKnownFileType = sourcecode.c.h; path = "UIView+TTWatch.h"; sourceTree = "<group>"; };
		CB95B7821FD914A3007D8C25 /* NSObject+TTAutoLayout.h */ = {isa = PBXFileReference; fileEncoding = 4; lastKnownFileType = sourcecode.c.h; path = "NSObject+TTAutoLayout.h"; sourceTree = "<group>"; };
		CB95B7831FD914A3007D8C25 /* NSNotificationCenter+TTWatch.h */ = {isa = PBXFileReference; fileEncoding = 4; lastKnownFileType = sourcecode.c.h; path = "NSNotificationCenter+TTWatch.h"; sourceTree = "<group>"; };
/* End PBXFileReference section */

/* Begin PBXFrameworksBuildPhase section */
		CB5900411DC5EEEB00C90B68 /* Frameworks */ = {
			isa = PBXFrameworksBuildPhase;
			buildActionMask = 2147483647;
			files = (
			);
			runOnlyForDeploymentPostprocessing = 0;
		};
		CB59005A1DC5EEEC00C90B68 /* Frameworks */ = {
			isa = PBXFrameworksBuildPhase;
			buildActionMask = 2147483647;
			files = (
			);
			runOnlyForDeploymentPostprocessing = 0;
		};
/* End PBXFrameworksBuildPhase section */

/* Begin PBXGroup section */
		CB59003B1DC5EEEB00C90B68 = {
			isa = PBXGroup;
			children = (
				CB5900461DC5EEEB00C90B68 /* TTWatchPuppy */,
				CB5900601DC5EEEC00C90B68 /* TTWatchPuppyTests */,
				CB5900451DC5EEEB00C90B68 /* Products */,
			);
			sourceTree = "<group>";
		};
		CB5900451DC5EEEB00C90B68 /* Products */ = {
			isa = PBXGroup;
			children = (
				CB5900441DC5EEEB00C90B68 /* TTWatchPuppy.app */,
				CB59005D1DC5EEEC00C90B68 /* TTWatchPuppyTests.xctest */,
			);
			name = Products;
			sourceTree = "<group>";
		};
		CB5900461DC5EEEB00C90B68 /* TTWatchPuppy */ = {
			isa = PBXGroup;
			children = (
				CB59006C1DC5EEF300C90B68 /* Source */,
				CB59004A1DC5EEEB00C90B68 /* AppDelegate.h */,
				CB59004B1DC5EEEC00C90B68 /* AppDelegate.m */,
				CB59004D1DC5EEEC00C90B68 /* ViewController.h */,
				CB59004E1DC5EEEC00C90B68 /* ViewController.m */,
				CB5900501DC5EEEC00C90B68 /* Main.storyboard */,
				CB5900531DC5EEEC00C90B68 /* Assets.xcassets */,
				CB5900551DC5EEEC00C90B68 /* LaunchScreen.storyboard */,
				CB5900581DC5EEEC00C90B68 /* Info.plist */,
				CB5900471DC5EEEB00C90B68 /* Supporting Files */,
			);
			path = TTWatchPuppy;
			sourceTree = "<group>";
		};
		CB5900471DC5EEEB00C90B68 /* Supporting Files */ = {
			isa = PBXGroup;
			children = (
				CB5900481DC5EEEB00C90B68 /* main.m */,
			);
			name = "Supporting Files";
			sourceTree = "<group>";
		};
		CB5900601DC5EEEC00C90B68 /* TTWatchPuppyTests */ = {
			isa = PBXGroup;
			children = (
				CB5900611DC5EEEC00C90B68 /* TTWatchPuppyTests.m */,
				CB5900631DC5EEEC00C90B68 /* Info.plist */,
			);
			path = TTWatchPuppyTests;
			sourceTree = "<group>";
		};
		CB59006C1DC5EEF300C90B68 /* Source */ = {
			isa = PBXGroup;
			children = (
				CB95B75B1FD914A3007D8C25 /* Core */,
				CB95B7701FD914A3007D8C25 /* Puppies */,
				CB95B7601FD914A3007D8C25 /* UI */,
				CB95B7791FD914A3007D8C25 /* Utility */,
			);
			name = Source;
			sourceTree = "<group>";
		};
		CB95B75B1FD914A3007D8C25 /* Core */ = {
			isa = PBXGroup;
			children = (
				CB95B75D1FD914A3007D8C25 /* TTWatchDog.h */,
				CB95B75F1FD914A3007D8C25 /* TTWatchDog.m */,
				CB95B75E1FD914A3007D8C25 /* TTWatchPuppy.h */,
				CB95B75C1FD914A3007D8C25 /* TTWatchPuppy.m */,
			);
			path = Core;
			sourceTree = "<group>";
		};
		CB95B7601FD914A3007D8C25 /* UI */ = {
			isa = PBXGroup;
			children = (
				CB95B7611FD914A3007D8C25 /* TTBarkingUI.h */,
				CB95B76B1FD914A3007D8C25 /* TTBarkingUI.m */,
				CB95B7621FD914A3007D8C25 /* TTBarkingDot.h */,
				CB95B76A1FD914A3007D8C25 /* TTBarkingDot.m */,
				CB95B7631FD914A3007D8C25 /* TTBarkingInfo.h */,
				CB95B7691FD914A3007D8C25 /* TTBarkingInfo.m */,
				CB95B76C1FD914A3007D8C25 /* TTBarkingView.h */,
				CB95B7641FD914A3007D8C25 /* TTBarkingView.m */,
				CB95B7651FD914A3007D8C25 /* TTBarkingHeader.h */,
				CB95B7671FD914A3007D8C25 /* TTBarkingCenter.h */,
				CB95B76E1FD914A3007D8C25 /* TTBarkingCenter.m */,
				CB95B7681FD914A3007D8C25 /* TTBarkingDetailViewController.m */,
				CB95B76D1FD914A3007D8C25 /* TTBarkingDetailViewController.h */,
				CB95B76F1FD914A3007D8C25 /* TTBarkingListViewController.h */,
				CB95B7661FD914A3007D8C25 /* TTBarkingListViewController.m */,
			);
			path = UI;
			sourceTree = "<group>";
		};
		CB95B7701FD914A3007D8C25 /* Puppies */ = {
			isa = PBXGroup;
			children = (
				CB95B7711FD914A3007D8C25 /* TTNotificationPuppy.h */,
				CB95B7761FD914A3007D8C25 /* TTNotificationPuppy.m */,
				CB95B7721FD914A3007D8C25 /* TTUIExceptionPuppy.h */,
				CB95B7751FD914A3007D8C25 /* TTUIExceptionPuppy.m */,
				CB95B7771FD914A3007D8C25 /* TTTableViewCellPuppy.h */,
				CB95B7731FD914A3007D8C25 /* TTTableViewCellPuppy.m */,
				CB95B7741FD914A3007D8C25 /* TTUIThreadPuppy.h */,
				CB95B7781FD914A3007D8C25 /* TTUIThreadPuppy.m */,
			);
			path = Puppies;
			sourceTree = "<group>";
		};
		CB95B7791FD914A3007D8C25 /* Utility */ = {
			isa = PBXGroup;
			children = (
				CB95B77A1FD914A3007D8C25 /* UIViewController+TTHook.h */,
				CB95B7801FD914A3007D8C25 /* UIViewController+TTHook.m */,
				CB95B77B1FD914A3007D8C25 /* NSObject+TTHook.h */,
				CB95B77F1FD914A3007D8C25 /* NSObject+TTHook.m */,
				CB95B7831FD914A3007D8C25 /* NSNotificationCenter+TTWatch.h */,
				CB95B77C1FD914A3007D8C25 /* NSNotificationCenter+TTWatch.m */,
				CB95B7821FD914A3007D8C25 /* NSObject+TTAutoLayout.h */,
				CB95B77D1FD914A3007D8C25 /* NSObject+TTAutoLayout.m */,
				CB95B7811FD914A3007D8C25 /* UIView+TTWatch.h */,
				CB95B77E1FD914A3007D8C25 /* UIView+TTWatch.m */,
			);
			path = Utility;
			sourceTree = "<group>";
		};
/* End PBXGroup section */

/* Begin PBXNativeTarget section */
		CB5900431DC5EEEB00C90B68 /* TTWatchPuppy */ = {
			isa = PBXNativeTarget;
			buildConfigurationList = CB5900661DC5EEEC00C90B68 /* Build configuration list for PBXNativeTarget "TTWatchPuppy" */;
			buildPhases = (
				CB5900401DC5EEEB00C90B68 /* Sources */,
				CB5900411DC5EEEB00C90B68 /* Frameworks */,
				CB5900421DC5EEEB00C90B68 /* Resources */,
			);
			buildRules = (
			);
			dependencies = (
			);
			name = TTWatchPuppy;
			productName = TTWatchPuppy;
			productReference = CB5900441DC5EEEB00C90B68 /* TTWatchPuppy.app */;
			productType = "com.apple.product-type.application";
		};
		CB59005C1DC5EEEC00C90B68 /* TTWatchPuppyTests */ = {
			isa = PBXNativeTarget;
			buildConfigurationList = CB5900691DC5EEEC00C90B68 /* Build configuration list for PBXNativeTarget "TTWatchPuppyTests" */;
			buildPhases = (
				CB5900591DC5EEEC00C90B68 /* Sources */,
				CB59005A1DC5EEEC00C90B68 /* Frameworks */,
				CB59005B1DC5EEEC00C90B68 /* Resources */,
			);
			buildRules = (
			);
			dependencies = (
				CB59005F1DC5EEEC00C90B68 /* PBXTargetDependency */,
			);
			name = TTWatchPuppyTests;
			productName = TTWatchPuppyTests;
			productReference = CB59005D1DC5EEEC00C90B68 /* TTWatchPuppyTests.xctest */;
			productType = "com.apple.product-type.bundle.unit-test";
		};
/* End PBXNativeTarget section */

/* Begin PBXProject section */
		CB59003C1DC5EEEB00C90B68 /* Project object */ = {
			isa = PBXProject;
			attributes = {
				LastUpgradeCheck = 0800;
				ORGANIZATIONNAME = "You Tu";
				TargetAttributes = {
					CB5900431DC5EEEB00C90B68 = {
						CreatedOnToolsVersion = 8.0;
						DevelopmentTeam = 7ETABE4KN7;
						ProvisioningStyle = Automatic;
					};
					CB59005C1DC5EEEC00C90B68 = {
						CreatedOnToolsVersion = 8.0;
						DevelopmentTeam = 7ETABE4KN7;
						ProvisioningStyle = Automatic;
						TestTargetID = CB5900431DC5EEEB00C90B68;
					};
				};
			};
			buildConfigurationList = CB59003F1DC5EEEB00C90B68 /* Build configuration list for PBXProject "TTWatchPuppy" */;
			compatibilityVersion = "Xcode 3.2";
			developmentRegion = English;
			hasScannedForEncodings = 0;
			knownRegions = (
				en,
				Base,
			);
			mainGroup = CB59003B1DC5EEEB00C90B68;
			productRefGroup = CB5900451DC5EEEB00C90B68 /* Products */;
			projectDirPath = "";
			projectRoot = "";
			targets = (
				CB5900431DC5EEEB00C90B68 /* TTWatchPuppy */,
				CB59005C1DC5EEEC00C90B68 /* TTWatchPuppyTests */,
			);
		};
/* End PBXProject section */

/* Begin PBXResourcesBuildPhase section */
		CB5900421DC5EEEB00C90B68 /* Resources */ = {
			isa = PBXResourcesBuildPhase;
			buildActionMask = 2147483647;
			files = (
				CB5900571DC5EEEC00C90B68 /* LaunchScreen.storyboard in Resources */,
				CB5900541DC5EEEC00C90B68 /* Assets.xcassets in Resources */,
				CB5900521DC5EEEC00C90B68 /* Main.storyboard in Resources */,
			);
			runOnlyForDeploymentPostprocessing = 0;
		};
		CB59005B1DC5EEEC00C90B68 /* Resources */ = {
			isa = PBXResourcesBuildPhase;
			buildActionMask = 2147483647;
			files = (
			);
			runOnlyForDeploymentPostprocessing = 0;
		};
/* End PBXResourcesBuildPhase section */

/* Begin PBXSourcesBuildPhase section */
		CB5900401DC5EEEB00C90B68 /* Sources */ = {
			isa = PBXSourcesBuildPhase;
			buildActionMask = 2147483647;
			files = (
				CB95B7931FD914A4007D8C25 /* UIView+TTWatch.m in Sources */,
				CB95B78F1FD914A4007D8C25 /* TTNotificationPuppy.m in Sources */,
				CB95B78B1FD914A4007D8C25 /* TTBarkingUI.m in Sources */,
				CB95B7891FD914A4007D8C25 /* TTBarkingInfo.m in Sources */,
				CB95B78D1FD914A4007D8C25 /* TTTableViewCellPuppy.m in Sources */,
				CB59004F1DC5EEEC00C90B68 /* ViewController.m in Sources */,
				CB95B78C1FD914A4007D8C25 /* TTBarkingCenter.m in Sources */,
				CB95B78A1FD914A4007D8C25 /* TTBarkingDot.m in Sources */,
				CB59004C1DC5EEEC00C90B68 /* AppDelegate.m in Sources */,
				CB95B7951FD914A4007D8C25 /* UIViewController+TTHook.m in Sources */,
				CB95B7921FD914A4007D8C25 /* NSObject+TTAutoLayout.m in Sources */,
				CB95B7901FD914A4007D8C25 /* TTUIThreadPuppy.m in Sources */,
				CB95B7881FD914A4007D8C25 /* TTBarkingDetailViewController.m in Sources */,
				CB95B7941FD914A4007D8C25 /* NSObject+TTHook.m in Sources */,
				CB95B7841FD914A4007D8C25 /* TTWatchPuppy.m in Sources */,
				CB95B7911FD914A4007D8C25 /* NSNotificationCenter+TTWatch.m in Sources */,
				CB95B7861FD914A4007D8C25 /* TTBarkingView.m in Sources */,
				CB5900491DC5EEEB00C90B68 /* main.m in Sources */,
				CB95B7871FD914A4007D8C25 /* TTBarkingListViewController.m in Sources */,
				CB95B78E1FD914A4007D8C25 /* TTUIExceptionPuppy.m in Sources */,
				CB95B7851FD914A4007D8C25 /* TTWatchDog.m in Sources */,
			);
			runOnlyForDeploymentPostprocessing = 0;
		};
		CB5900591DC5EEEC00C90B68 /* Sources */ = {
			isa = PBXSourcesBuildPhase;
			buildActionMask = 2147483647;
			files = (
				CB5900621DC5EEEC00C90B68 /* TTWatchPuppyTests.m in Sources */,
			);
			runOnlyForDeploymentPostprocessing = 0;
		};
/* End PBXSourcesBuildPhase section */

/* Begin PBXTargetDependency section */
		CB59005F1DC5EEEC00C90B68 /* PBXTargetDependency */ = {
			isa = PBXTargetDependency;
			target = CB5900431DC5EEEB00C90B68 /* TTWatchPuppy */;
			targetProxy = CB59005E1DC5EEEC00C90B68 /* PBXContainerItemProxy */;
		};
/* End PBXTargetDependency section */

/* Begin PBXVariantGroup section */
		CB5900501DC5EEEC00C90B68 /* Main.storyboard */ = {
			isa = PBXVariantGroup;
			children = (
				CB5900511DC5EEEC00C90B68 /* Base */,
			);
			name = Main.storyboard;
			sourceTree = "<group>";
		};
		CB5900551DC5EEEC00C90B68 /* LaunchScreen.storyboard */ = {
			isa = PBXVariantGroup;
			children = (
				CB5900561DC5EEEC00C90B68 /* Base */,
			);
			name = LaunchScreen.storyboard;
			sourceTree = "<group>";
		};
/* End PBXVariantGroup section */

/* Begin XCBuildConfiguration section */
		CB5900641DC5EEEC00C90B68 /* Debug */ = {
			isa = XCBuildConfiguration;
			buildSettings = {
				ALWAYS_SEARCH_USER_PATHS = NO;
				CLANG_ANALYZER_NONNULL = YES;
				CLANG_CXX_LANGUAGE_STANDARD = "gnu++0x";
				CLANG_CXX_LIBRARY = "libc++";
				CLANG_ENABLE_MODULES = YES;
				CLANG_ENABLE_OBJC_ARC = YES;
				CLANG_WARN_BOOL_CONVERSION = YES;
				CLANG_WARN_CONSTANT_CONVERSION = YES;
				CLANG_WARN_DIRECT_OBJC_ISA_USAGE = YES_ERROR;
				CLANG_WARN_DOCUMENTATION_COMMENTS = YES;
				CLANG_WARN_EMPTY_BODY = YES;
				CLANG_WARN_ENUM_CONVERSION = YES;
				CLANG_WARN_INFINITE_RECURSION = YES;
				CLANG_WARN_INT_CONVERSION = YES;
				CLANG_WARN_OBJC_ROOT_CLASS = YES_ERROR;
				CLANG_WARN_SUSPICIOUS_MOVES = YES;
				CLANG_WARN_UNREACHABLE_CODE = YES;
				CLANG_WARN__DUPLICATE_METHOD_MATCH = YES;
				"CODE_SIGN_IDENTITY[sdk=iphoneos*]" = "iPhone Developer";
				COPY_PHASE_STRIP = NO;
				DEBUG_INFORMATION_FORMAT = dwarf;
				ENABLE_STRICT_OBJC_MSGSEND = YES;
				ENABLE_TESTABILITY = YES;
				GCC_C_LANGUAGE_STANDARD = gnu99;
				GCC_DYNAMIC_NO_PIC = NO;
				GCC_NO_COMMON_BLOCKS = YES;
				GCC_OPTIMIZATION_LEVEL = 0;
				GCC_PREPROCESSOR_DEFINITIONS = (
					"DEBUG=1",
					"$(inherited)",
				);
				GCC_WARN_64_TO_32_BIT_CONVERSION = YES;
				GCC_WARN_ABOUT_RETURN_TYPE = YES_ERROR;
				GCC_WARN_UNDECLARED_SELECTOR = YES;
				GCC_WARN_UNINITIALIZED_AUTOS = YES_AGGRESSIVE;
				GCC_WARN_UNUSED_FUNCTION = YES;
				GCC_WARN_UNUSED_VARIABLE = YES;
				IPHONEOS_DEPLOYMENT_TARGET = 10.0;
				MTL_ENABLE_DEBUG_INFO = YES;
				ONLY_ACTIVE_ARCH = YES;
				SDKROOT = iphoneos;
				TARGETED_DEVICE_FAMILY = "1,2";
			};
			name = Debug;
		};
		CB5900651DC5EEEC00C90B68 /* Release */ = {
			isa = XCBuildConfiguration;
			buildSettings = {
				ALWAYS_SEARCH_USER_PATHS = NO;
				CLANG_ANALYZER_NONNULL = YES;
				CLANG_CXX_LANGUAGE_STANDARD = "gnu++0x";
				CLANG_CXX_LIBRARY = "libc++";
				CLANG_ENABLE_MODULES = YES;
				CLANG_ENABLE_OBJC_ARC = YES;
				CLANG_WARN_BOOL_CONVERSION = YES;
				CLANG_WARN_CONSTANT_CONVERSION = YES;
				CLANG_WARN_DIRECT_OBJC_ISA_USAGE = YES_ERROR;
				CLANG_WARN_DOCUMENTATION_COMMENTS = YES;
				CLANG_WARN_EMPTY_BODY = YES;
				CLANG_WARN_ENUM_CONVERSION = YES;
				CLANG_WARN_INFINITE_RECURSION = YES;
				CLANG_WARN_INT_CONVERSION = YES;
				CLANG_WARN_OBJC_ROOT_CLASS = YES_ERROR;
				CLANG_WARN_SUSPICIOUS_MOVES = YES;
				CLANG_WARN_UNREACHABLE_CODE = YES;
				CLANG_WARN__DUPLICATE_METHOD_MATCH = YES;
				"CODE_SIGN_IDENTITY[sdk=iphoneos*]" = "iPhone Developer";
				COPY_PHASE_STRIP = NO;
				DEBUG_INFORMATION_FORMAT = "dwarf-with-dsym";
				ENABLE_NS_ASSERTIONS = NO;
				ENABLE_STRICT_OBJC_MSGSEND = YES;
				GCC_C_LANGUAGE_STANDARD = gnu99;
				GCC_NO_COMMON_BLOCKS = YES;
				GCC_WARN_64_TO_32_BIT_CONVERSION = YES;
				GCC_WARN_ABOUT_RETURN_TYPE = YES_ERROR;
				GCC_WARN_UNDECLARED_SELECTOR = YES;
				GCC_WARN_UNINITIALIZED_AUTOS = YES_AGGRESSIVE;
				GCC_WARN_UNUSED_FUNCTION = YES;
				GCC_WARN_UNUSED_VARIABLE = YES;
				IPHONEOS_DEPLOYMENT_TARGET = 10.0;
				MTL_ENABLE_DEBUG_INFO = NO;
				SDKROOT = iphoneos;
				TARGETED_DEVICE_FAMILY = "1,2";
				VALIDATE_PRODUCT = YES;
			};
			name = Release;
		};
		CB5900671DC5EEEC00C90B68 /* Debug */ = {
			isa = XCBuildConfiguration;
			buildSettings = {
				ASSETCATALOG_COMPILER_APPICON_NAME = AppIcon;
				DEVELOPMENT_TEAM = 7ETABE4KN7;
				INFOPLIST_FILE = TTWatchPuppy/Info.plist;
				LD_RUNPATH_SEARCH_PATHS = "$(inherited) @executable_path/Frameworks";
				PRODUCT_BUNDLE_IDENTIFIER = TT.TTWatchPuppy;
				PRODUCT_NAME = "$(TARGET_NAME)";
			};
			name = Debug;
		};
		CB5900681DC5EEEC00C90B68 /* Release */ = {
			isa = XCBuildConfiguration;
			buildSettings = {
				ASSETCATALOG_COMPILER_APPICON_NAME = AppIcon;
				DEVELOPMENT_TEAM = 7ETABE4KN7;
				INFOPLIST_FILE = TTWatchPuppy/Info.plist;
				LD_RUNPATH_SEARCH_PATHS = "$(inherited) @executable_path/Frameworks";
				PRODUCT_BUNDLE_IDENTIFIER = TT.TTWatchPuppy;
				PRODUCT_NAME = "$(TARGET_NAME)";
			};
			name = Release;
		};
		CB59006A1DC5EEEC00C90B68 /* Debug */ = {
			isa = XCBuildConfiguration;
			buildSettings = {
				BUNDLE_LOADER = "$(TEST_HOST)";
				DEVELOPMENT_TEAM = 7ETABE4KN7;
				INFOPLIST_FILE = TTWatchPuppyTests/Info.plist;
				LD_RUNPATH_SEARCH_PATHS = "$(inherited) @executable_path/Frameworks @loader_path/Frameworks";
				PRODUCT_BUNDLE_IDENTIFIER = TT.TTWatchPuppyTests;
				PRODUCT_NAME = "$(TARGET_NAME)";
				TEST_HOST = "$(BUILT_PRODUCTS_DIR)/TTWatchPuppy.app/TTWatchPuppy";
			};
			name = Debug;
		};
		CB59006B1DC5EEEC00C90B68 /* Release */ = {
			isa = XCBuildConfiguration;
			buildSettings = {
				BUNDLE_LOADER = "$(TEST_HOST)";
				DEVELOPMENT_TEAM = 7ETABE4KN7;
				INFOPLIST_FILE = TTWatchPuppyTests/Info.plist;
				LD_RUNPATH_SEARCH_PATHS = "$(inherited) @executable_path/Frameworks @loader_path/Frameworks";
				PRODUCT_BUNDLE_IDENTIFIER = TT.TTWatchPuppyTests;
				PRODUCT_NAME = "$(TARGET_NAME)";
				TEST_HOST = "$(BUILT_PRODUCTS_DIR)/TTWatchPuppy.app/TTWatchPuppy";
			};
			name = Release;
		};
/* End XCBuildConfiguration section */

/* Begin XCConfigurationList section */
		CB59003F1DC5EEEB00C90B68 /* Build configuration list for PBXProject "TTWatchPuppy" */ = {
			isa = XCConfigurationList;
			buildConfigurations = (
				CB5900641DC5EEEC00C90B68 /* Debug */,
				CB5900651DC5EEEC00C90B68 /* Release */,
			);
			defaultConfigurationIsVisible = 0;
			defaultConfigurationName = Release;
		};
		CB5900661DC5EEEC00C90B68 /* Build configuration list for PBXNativeTarget "TTWatchPuppy" */ = {
			isa = XCConfigurationList;
			buildConfigurations = (
				CB5900671DC5EEEC00C90B68 /* Debug */,
				CB5900681DC5EEEC00C90B68 /* Release */,
			);
			defaultConfigurationIsVisible = 0;
			defaultConfigurationName = Release;
		};
		CB5900691DC5EEEC00C90B68 /* Build configuration list for PBXNativeTarget "TTWatchPuppyTests" */ = {
			isa = XCConfigurationList;
			buildConfigurations = (
				CB59006A1DC5EEEC00C90B68 /* Debug */,
				CB59006B1DC5EEEC00C90B68 /* Release */,
			);
			defaultConfigurationIsVisible = 0;
			defaultConfigurationName = Release;
		};
/* End XCConfigurationList section */
	};
	rootObject = CB59003C1DC5EEEB00C90B68 /* Project object */;
}
